
Microsoft Visual Studio Solution File, Format Version 12.00
Project("{FAE04EC0-301F-11D3-BF4B-00C04F79EFBC}") = "ConsoleApp1", "ConsoleApp1\ConsoleApp1.csproj", "{F66012F1-AAD0-4065-BBCE-D7895923E7C7}"
EndProject
Project("{FAE04EC0-301F-11D3-BF4B-00C04F79EFBC}") = "MetricsTest", "MetricsTest\MetricsTest.csproj", "{349651CD-2432-434B-AC64-4707AFB31BB3}"
EndProject
Project("{FAE04EC0-301F-11D3-BF4B-00C04F79EFBC}") = "WebApp", "WebApp\WebApp.csproj", "{78165396-7456-46F2-912D-A7F34814A7A5}"
EndProject
Global
	GlobalSection(SolutionConfigurationPlatforms) = preSolution
		Debug|Any CPU = Debug|Any CPU
		Release|Any CPU = Release|Any CPU
	EndGlobalSection
	GlobalSection(ProjectConfigurationPlatforms) = postSolution
		{F66012F1-AAD0-4065-BBCE-D7895923E7C7}.Debug|Any CPU.ActiveCfg = Debug|Any CPU
		{F66012F1-AAD0-4065-BBCE-D7895923E7C7}.Debug|Any CPU.Build.0 = Debug|Any CPU
		{F66012F1-AAD0-4065-BBCE-D7895923E7C7}.Release|Any CPU.ActiveCfg = Release|Any CPU
		{F66012F1-AAD0-4065-BBCE-D7895923E7C7}.Release|Any CPU.Build.0 = Release|Any CPU
		{349651CD-2432-434B-AC64-4707AFB31BB3}.Debug|Any CPU.ActiveCfg = Debug|Any CPU
		{349651CD-2432-434B-AC64-4707AFB31BB3}.Debug|Any CPU.Build.0 = Debug|Any CPU
		{349651CD-2432-434B-AC64-4707AFB31BB3}.Release|Any CPU.ActiveCfg = Release|Any CPU
		{349651CD-2432-434B-AC64-4707AFB31BB3}.Release|Any CPU.Build.0 = Release|Any CPU
		{78165396-7456-46F2-912D-A7F34814A7A5}.Debug|Any CPU.ActiveCfg = Debug|Any CPU
		{78165396-7456-46F2-912D-A7F34814A7A5}.Debug|Any CPU.Build.0 = Debug|Any CPU
		{78165396-7456-46F2-912D-A7F34814A7A5}.Release|Any CPU.ActiveCfg = Release|Any CPU
		{78165396-7456-46F2-912D-A7F34814A7A5}.Release|Any CPU.Build.0 = Release|Any CPU
	EndGlobalSection
	GlobalSection(NestedProjects) = preSolution
	EndGlobalSection
EndGlobal
